
Microsoft Visual Studio Solution File, Format Version 12.00
# Visual Studio Version 17
VisualStudioVersion = 17.0.31903.59
MinimumVisualStudioVersion = 10.0.40219.1
Project("{FAE04EC0-301F-11D3-BF4B-00C04F79EFBC}") = "Skins4U", "Skins4U\Skins4U.csproj", "{DE21AF32-BF30-4DE4-9D2D-11EE9A283DE6}"
EndProject
Global
	GlobalSection(SolutionConfigurationPlatforms) = preSolution
		Debug|Any CPU = Debug|Any CPU
		Release|Any CPU = Release|Any CPU
	EndGlobalSection
	GlobalSection(ProjectConfigurationPlatforms) = postSolution
		{DE21AF32-BF30-4DE4-9D2D-11EE9A283DE6}.Debug|Any CPU.ActiveCfg = Debug|Any CPU
		{DE21AF32-BF30-4DE4-9D2D-11EE9A283DE6}.Debug|Any CPU.Build.0 = Debug|Any CPU
		{DE21AF32-BF30-4DE4-9D2D-11EE9A283DE6}.Release|Any CPU.ActiveCfg = Release|Any CPU
		{DE21AF32-BF30-4DE4-9D2D-11EE9A283DE6}.Release|Any CPU.Build.0 = Release|Any CPU
	EndGlobalSection
	GlobalSection(SolutionProperties) = preSolution
		HideSolutionNode = FALSE
	EndGlobalSection
	GlobalSection(ExtensibilityGlobals) = postSolution
		SolutionGuid = {A26FAA16-42A1-49CA-B49B-C6C36CB49EE0}
	EndGlobalSection
EndGlobal
